
Microsoft Visual Studio Solution File, Format Version 12.00
# Visual Studio Version 16
VisualStudioVersion = 16.0.30804.86
MinimumVisualStudioVersion = 10.0.40219.1
Project("{8BC9CEB8-8B4A-11D0-8D11-00A0C91BC942}") = "关系运算符", "关系运算符\关系运算符.vcxproj", "{8DE7902B-59EE-4E1B-AC6D-72892BEA40C5}"
EndProject
Project("{8BC9CEB8-8B4A-11D0-8D11-00A0C91BC942}") = "逻辑运算符", "逻辑运算符\逻辑运算符.vcxproj", "{6989DC96-E782-4B3C-98A0-8AC4708AED99}"
EndProject
Project("{8BC9CEB8-8B4A-11D0-8D11-00A0C91BC942}") = "赋值运算符", "赋值运算符\赋值运算符.vcxproj", "{57619731-B739-4F36-A731-D1ECF0E5EAEE}"
EndProject
Project("{8BC9CEB8-8B4A-11D0-8D11-00A0C91BC942}") = "位运算操作符", "位运算操作符\位运算操作符.vcxproj", "{1B062242-2209-4B6E-9088-34CBE8864A53}"
EndProject
Project("{8BC9CEB8-8B4A-11D0-8D11-00A0C91BC942}") = "杂项运算符", "杂项运算符\杂项运算符.vcxproj", "{32C09769-D20D-49F1-8762-2092FF46A2F0}"
EndProject
Project("{8BC9CEB8-8B4A-11D0-8D11-00A0C91BC942}") = "算数运算符", "算数运算符\learn-cpp.vcxproj", "{F6D95395-C9F0-4A09-8862-1669BFF3CE30}"
EndProject
Project("{8BC9CEB8-8B4A-11D0-8D11-00A0C91BC942}") = "宏函数", "宏函数\宏函数.vcxproj", "{55B067B1-318A-4F55-86EB-8A44929E6647}"
EndProject
Project("{8BC9CEB8-8B4A-11D0-8D11-00A0C91BC942}") = "补码", "补码\补码.vcxproj", "{D1810106-2987-436E-8D1A-99B83944F098}"
EndProject
Project("{8BC9CEB8-8B4A-11D0-8D11-00A0C91BC942}") = "一维数组", "一维数组\一维数组.vcxproj", "{BB73EAE0-EE43-4DCC-A56D-FD81F0CC69AA}"
EndProject
Project("{8BC9CEB8-8B4A-11D0-8D11-00A0C91BC942}") = "二维数组", "二维数组\二维数组.vcxproj", "{509AA3F3-52E9-49B4-BB68-830208DA9EB7}"
EndProject
Project("{8BC9CEB8-8B4A-11D0-8D11-00A0C91BC942}") = "Vector", "Vector\Vector.vcxproj", "{011201DF-2CC0-491A-B84B-1DEA6AB8CA9E}"
EndProject
Project("{8BC9CEB8-8B4A-11D0-8D11-00A0C91BC942}") = "字符串数组和字符串指针", "字符串数组和字符串指针\字符串数组和字符串指针.vcxproj", "{3C8B5C64-4F03-4D0C-A352-518D8B87E594}"
EndProject
Project("{8BC9CEB8-8B4A-11D0-8D11-00A0C91BC942}") = "字符串函数", "字符串函数\字符串函数.vcxproj", "{C3240834-8E54-433F-9502-7B44A16501DC}"
EndProject
Project("{8BC9CEB8-8B4A-11D0-8D11-00A0C91BC942}") = "String", "String\String.vcxproj", "{E8ED9001-EC7C-427D-B6F9-23F167111CD1}"
EndProject
Project("{8BC9CEB8-8B4A-11D0-8D11-00A0C91BC942}") = "变量与指针变量", "变量与指针变量\变量与指针变量.vcxproj", "{4520BFBF-BE3F-4754-9425-EB3D2EDB5612}"
EndProject
Project("{8BC9CEB8-8B4A-11D0-8D11-00A0C91BC942}") = "数组与指针", "数组与指针\数组与指针.vcxproj", "{45ECE063-F5AC-4524-B460-CE069F38F2EB}"
EndProject
Project("{8BC9CEB8-8B4A-11D0-8D11-00A0C91BC942}") = "指针数组与数组指针", "指针数组与数组指针\指针数组与数组指针.vcxproj", "{4F0E94E6-4799-4484-B30D-ADC1BAB58A07}"
EndProject
Project("{8BC9CEB8-8B4A-11D0-8D11-00A0C91BC942}") = "Const与指针", "Const与指针\Const与指针.vcxproj", "{4755C9CA-DF36-4BF9-BBCD-10AE0FB0809D}"
EndProject
Project("{8BC9CEB8-8B4A-11D0-8D11-00A0C91BC942}") = "文字常量区内存优化", "文字常量区内存优化\文字常量区内存优化.vcxproj", "{B17124A6-A108-4256-BEB0-B86B4BD792D2}"
EndProject
Project("{8BC9CEB8-8B4A-11D0-8D11-00A0C91BC942}") = "多级指针", "多级指针\多级指针.vcxproj", "{821A9E3E-3977-4792-89E6-C9FDA91EA013}"
EndProject
Project("{8BC9CEB8-8B4A-11D0-8D11-00A0C91BC942}") = "指针基本操作(一)", "指针基本操作(一)\指针基本操作(一).vcxproj", "{FC00F61D-36EE-4559-9E2B-4E34426704C3}"
EndProject
Project("{8BC9CEB8-8B4A-11D0-8D11-00A0C91BC942}") = "指针基本操作(二)", "指针基本操作(二)\指针基本操作(二).vcxproj", "{83CE3F3D-08CB-48BD-B22E-C181D0EB48B2}"
EndProject
Project("{8BC9CEB8-8B4A-11D0-8D11-00A0C91BC942}") = "AutoPtr", "AutoPtr\AutoPtr.vcxproj", "{A807626B-9B2C-46E7-A180-B6E9C5A64D36}"
EndProject
Project("{8BC9CEB8-8B4A-11D0-8D11-00A0C91BC942}") = "UniquePtr", "UniquePtr\UniquePtr.vcxproj", "{1945482F-96E4-4E7C-906B-7B379A837FC7}"
EndProject
Global
	GlobalSection(SolutionConfigurationPlatforms) = preSolution
		Debug|x64 = Debug|x64
		Debug|x86 = Debug|x86
		Release|x64 = Release|x64
		Release|x86 = Release|x86
	EndGlobalSection
	GlobalSection(ProjectConfigurationPlatforms) = postSolution
		{8DE7902B-59EE-4E1B-AC6D-72892BEA40C5}.Debug|x64.ActiveCfg = Debug|x64
		{8DE7902B-59EE-4E1B-AC6D-72892BEA40C5}.Debug|x64.Build.0 = Debug|x64
		{8DE7902B-59EE-4E1B-AC6D-72892BEA40C5}.Debug|x86.ActiveCfg = Debug|Win32
		{8DE7902B-59EE-4E1B-AC6D-72892BEA40C5}.Debug|x86.Build.0 = Debug|Win32
		{8DE7902B-59EE-4E1B-AC6D-72892BEA40C5}.Release|x64.ActiveCfg = Release|x64
		{8DE7902B-59EE-4E1B-AC6D-72892BEA40C5}.Release|x64.Build.0 = Release|x64
		{8DE7902B-59EE-4E1B-AC6D-72892BEA40C5}.Release|x86.ActiveCfg = Release|Win32
		{8DE7902B-59EE-4E1B-AC6D-72892BEA40C5}.Release|x86.Build.0 = Release|Win32
		{6989DC96-E782-4B3C-98A0-8AC4708AED99}.Debug|x64.ActiveCfg = Debug|x64
		{6989DC96-E782-4B3C-98A0-8AC4708AED99}.Debug|x64.Build.0 = Debug|x64
		{6989DC96-E782-4B3C-98A0-8AC4708AED99}.Debug|x86.ActiveCfg = Debug|Win32
		{6989DC96-E782-4B3C-98A0-8AC4708AED99}.Debug|x86.Build.0 = Debug|Win32
		{6989DC96-E782-4B3C-98A0-8AC4708AED99}.Release|x64.ActiveCfg = Release|x64
		{6989DC96-E782-4B3C-98A0-8AC4708AED99}.Release|x64.Build.0 = Release|x64
		{6989DC96-E782-4B3C-98A0-8AC4708AED99}.Release|x86.ActiveCfg = Release|Win32
		{6989DC96-E782-4B3C-98A0-8AC4708AED99}.Release|x86.Build.0 = Release|Win32
		{57619731-B739-4F36-A731-D1ECF0E5EAEE}.Debug|x64.ActiveCfg = Debug|x64
		{57619731-B739-4F36-A731-D1ECF0E5EAEE}.Debug|x64.Build.0 = Debug|x64
		{57619731-B739-4F36-A731-D1ECF0E5EAEE}.Debug|x86.ActiveCfg = Debug|Win32
		{57619731-B739-4F36-A731-D1ECF0E5EAEE}.Debug|x86.Build.0 = Debug|Win32
		{57619731-B739-4F36-A731-D1ECF0E5EAEE}.Release|x64.ActiveCfg = Release|x64
		{57619731-B739-4F36-A731-D1ECF0E5EAEE}.Release|x64.Build.0 = Release|x64
		{57619731-B739-4F36-A731-D1ECF0E5EAEE}.Release|x86.ActiveCfg = Release|Win32
		{57619731-B739-4F36-A731-D1ECF0E5EAEE}.Release|x86.Build.0 = Release|Win32
		{1B062242-2209-4B6E-9088-34CBE8864A53}.Debug|x64.ActiveCfg = Debug|x64
		{1B062242-2209-4B6E-9088-34CBE8864A53}.Debug|x64.Build.0 = Debug|x64
		{1B062242-2209-4B6E-9088-34CBE8864A53}.Debug|x86.ActiveCfg = Debug|Win32
		{1B062242-2209-4B6E-9088-34CBE8864A53}.Debug|x86.Build.0 = Debug|Win32
		{1B062242-2209-4B6E-9088-34CBE8864A53}.Release|x64.ActiveCfg = Release|x64
		{1B062242-2209-4B6E-9088-34CBE8864A53}.Release|x64.Build.0 = Release|x64
		{1B062242-2209-4B6E-9088-34CBE8864A53}.Release|x86.ActiveCfg = Release|Win32
		{1B062242-2209-4B6E-9088-34CBE8864A53}.Release|x86.Build.0 = Release|Win32
		{32C09769-D20D-49F1-8762-2092FF46A2F0}.Debug|x64.ActiveCfg = Debug|x64
		{32C09769-D20D-49F1-8762-2092FF46A2F0}.Debug|x64.Build.0 = Debug|x64
		{32C09769-D20D-49F1-8762-2092FF46A2F0}.Debug|x86.ActiveCfg = Debug|Win32
		{32C09769-D20D-49F1-8762-2092FF46A2F0}.Debug|x86.Build.0 = Debug|Win32
		{32C09769-D20D-49F1-8762-2092FF46A2F0}.Release|x64.ActiveCfg = Release|x64
		{32C09769-D20D-49F1-8762-2092FF46A2F0}.Release|x64.Build.0 = Release|x64
		{32C09769-D20D-49F1-8762-2092FF46A2F0}.Release|x86.ActiveCfg = Release|Win32
		{32C09769-D20D-49F1-8762-2092FF46A2F0}.Release|x86.Build.0 = Release|Win32
		{F6D95395-C9F0-4A09-8862-1669BFF3CE30}.Debug|x64.ActiveCfg = Debug|x64
		{F6D95395-C9F0-4A09-8862-1669BFF3CE30}.Debug|x64.Build.0 = Debug|x64
		{F6D95395-C9F0-4A09-8862-1669BFF3CE30}.Debug|x86.ActiveCfg = Debug|Win32
		{F6D95395-C9F0-4A09-8862-1669BFF3CE30}.Debug|x86.Build.0 = Debug|Win32
		{F6D95395-C9F0-4A09-8862-1669BFF3CE30}.Release|x64.ActiveCfg = Release|x64
		{F6D95395-C9F0-4A09-8862-1669BFF3CE30}.Release|x64.Build.0 = Release|x64
		{F6D95395-C9F0-4A09-8862-1669BFF3CE30}.Release|x86.ActiveCfg = Release|Win32
		{F6D95395-C9F0-4A09-8862-1669BFF3CE30}.Release|x86.Build.0 = Release|Win32
		{55B067B1-318A-4F55-86EB-8A44929E6647}.Debug|x64.ActiveCfg = Debug|x64
		{55B067B1-318A-4F55-86EB-8A44929E6647}.Debug|x64.Build.0 = Debug|x64
		{55B067B1-318A-4F55-86EB-8A44929E6647}.Debug|x86.ActiveCfg = Debug|Win32
		{55B067B1-318A-4F55-86EB-8A44929E6647}.Debug|x86.Build.0 = Debug|Win32
		{55B067B1-318A-4F55-86EB-8A44929E6647}.Release|x64.ActiveCfg = Release|x64
		{55B067B1-318A-4F55-86EB-8A44929E6647}.Release|x64.Build.0 = Release|x64
		{55B067B1-318A-4F55-86EB-8A44929E6647}.Release|x86.ActiveCfg = Release|Win32
		{55B067B1-318A-4F55-86EB-8A44929E6647}.Release|x86.Build.0 = Release|Win32
		{D1810106-2987-436E-8D1A-99B83944F098}.Debug|x64.ActiveCfg = Debug|x64
		{D1810106-2987-436E-8D1A-99B83944F098}.Debug|x64.Build.0 = Debug|x64
		{D1810106-2987-436E-8D1A-99B83944F098}.Debug|x86.ActiveCfg = Debug|Win32
		{D1810106-2987-436E-8D1A-99B83944F098}.Debug|x86.Build.0 = Debug|Win32
		{D1810106-2987-436E-8D1A-99B83944F098}.Release|x64.ActiveCfg = Release|x64
		{D1810106-2987-436E-8D1A-99B83944F098}.Release|x64.Build.0 = Release|x64
		{D1810106-2987-436E-8D1A-99B83944F098}.Release|x86.ActiveCfg = Release|Win32
		{D1810106-2987-436E-8D1A-99B83944F098}.Release|x86.Build.0 = Release|Win32
		{BB73EAE0-EE43-4DCC-A56D-FD81F0CC69AA}.Debug|x64.ActiveCfg = Debug|x64
		{BB73EAE0-EE43-4DCC-A56D-FD81F0CC69AA}.Debug|x64.Build.0 = Debug|x64
		{BB73EAE0-EE43-4DCC-A56D-FD81F0CC69AA}.Debug|x86.ActiveCfg = Debug|Win32
		{BB73EAE0-EE43-4DCC-A56D-FD81F0CC69AA}.Debug|x86.Build.0 = Debug|Win32
		{BB73EAE0-EE43-4DCC-A56D-FD81F0CC69AA}.Release|x64.ActiveCfg = Release|x64
		{BB73EAE0-EE43-4DCC-A56D-FD81F0CC69AA}.Release|x64.Build.0 = Release|x64
		{BB73EAE0-EE43-4DCC-A56D-FD81F0CC69AA}.Release|x86.ActiveCfg = Release|Win32
		{BB73EAE0-EE43-4DCC-A56D-FD81F0CC69AA}.Release|x86.Build.0 = Release|Win32
		{509AA3F3-52E9-49B4-BB68-830208DA9EB7}.Debug|x64.ActiveCfg = Debug|x64
		{509AA3F3-52E9-49B4-BB68-830208DA9EB7}.Debug|x64.Build.0 = Debug|x64
		{509AA3F3-52E9-49B4-BB68-830208DA9EB7}.Debug|x86.ActiveCfg = Debug|Win32
		{509AA3F3-52E9-49B4-BB68-830208DA9EB7}.Debug|x86.Build.0 = Debug|Win32
		{509AA3F3-52E9-49B4-BB68-830208DA9EB7}.Release|x64.ActiveCfg = Release|x64
		{509AA3F3-52E9-49B4-BB68-830208DA9EB7}.Release|x64.Build.0 = Release|x64
		{509AA3F3-52E9-49B4-BB68-830208DA9EB7}.Release|x86.ActiveCfg = Release|Win32
		{509AA3F3-52E9-49B4-BB68-830208DA9EB7}.Release|x86.Build.0 = Release|Win32
		{011201DF-2CC0-491A-B84B-1DEA6AB8CA9E}.Debug|x64.ActiveCfg = Debug|x64
		{011201DF-2CC0-491A-B84B-1DEA6AB8CA9E}.Debug|x64.Build.0 = Debug|x64
		{011201DF-2CC0-491A-B84B-1DEA6AB8CA9E}.Debug|x86.ActiveCfg = Debug|Win32
		{011201DF-2CC0-491A-B84B-1DEA6AB8CA9E}.Debug|x86.Build.0 = Debug|Win32
		{011201DF-2CC0-491A-B84B-1DEA6AB8CA9E}.Release|x64.ActiveCfg = Release|x64
		{011201DF-2CC0-491A-B84B-1DEA6AB8CA9E}.Release|x64.Build.0 = Release|x64
		{011201DF-2CC0-491A-B84B-1DEA6AB8CA9E}.Release|x86.ActiveCfg = Release|Win32
		{011201DF-2CC0-491A-B84B-1DEA6AB8CA9E}.Release|x86.Build.0 = Release|Win32
		{3C8B5C64-4F03-4D0C-A352-518D8B87E594}.Debug|x64.ActiveCfg = Debug|x64
		{3C8B5C64-4F03-4D0C-A352-518D8B87E594}.Debug|x64.Build.0 = Debug|x64
		{3C8B5C64-4F03-4D0C-A352-518D8B87E594}.Debug|x86.ActiveCfg = Debug|Win32
		{3C8B5C64-4F03-4D0C-A352-518D8B87E594}.Debug|x86.Build.0 = Debug|Win32
		{3C8B5C64-4F03-4D0C-A352-518D8B87E594}.Release|x64.ActiveCfg = Release|x64
		{3C8B5C64-4F03-4D0C-A352-518D8B87E594}.Release|x64.Build.0 = Release|x64
		{3C8B5C64-4F03-4D0C-A352-518D8B87E594}.Release|x86.ActiveCfg = Release|Win32
		{3C8B5C64-4F03-4D0C-A352-518D8B87E594}.Release|x86.Build.0 = Release|Win32
		{C3240834-8E54-433F-9502-7B44A16501DC}.Debug|x64.ActiveCfg = Debug|x64
		{C3240834-8E54-433F-9502-7B44A16501DC}.Debug|x64.Build.0 = Debug|x64
		{C3240834-8E54-433F-9502-7B44A16501DC}.Debug|x86.ActiveCfg = Debug|Win32
		{C3240834-8E54-433F-9502-7B44A16501DC}.Debug|x86.Build.0 = Debug|Win32
		{C3240834-8E54-433F-9502-7B44A16501DC}.Release|x64.ActiveCfg = Release|x64
		{C3240834-8E54-433F-9502-7B44A16501DC}.Release|x64.Build.0 = Release|x64
		{C3240834-8E54-433F-9502-7B44A16501DC}.Release|x86.ActiveCfg = Release|Win32
		{C3240834-8E54-433F-9502-7B44A16501DC}.Release|x86.Build.0 = Release|Win32
		{E8ED9001-EC7C-427D-B6F9-23F167111CD1}.Debug|x64.ActiveCfg = Debug|x64
		{E8ED9001-EC7C-427D-B6F9-23F167111CD1}.Debug|x64.Build.0 = Debug|x64
		{E8ED9001-EC7C-427D-B6F9-23F167111CD1}.Debug|x86.ActiveCfg = Debug|Win32
		{E8ED9001-EC7C-427D-B6F9-23F167111CD1}.Debug|x86.Build.0 = Debug|Win32
		{E8ED9001-EC7C-427D-B6F9-23F167111CD1}.Release|x64.ActiveCfg = Release|x64
		{E8ED9001-EC7C-427D-B6F9-23F167111CD1}.Release|x64.Build.0 = Release|x64
		{E8ED9001-EC7C-427D-B6F9-23F167111CD1}.Release|x86.ActiveCfg = Release|Win32
		{E8ED9001-EC7C-427D-B6F9-23F167111CD1}.Release|x86.Build.0 = Release|Win32
		{4520BFBF-BE3F-4754-9425-EB3D2EDB5612}.Debug|x64.ActiveCfg = Debug|x64
		{4520BFBF-BE3F-4754-9425-EB3D2EDB5612}.Debug|x64.Build.0 = Debug|x64
		{4520BFBF-BE3F-4754-9425-EB3D2EDB5612}.Debug|x86.ActiveCfg = Debug|Win32
		{4520BFBF-BE3F-4754-9425-EB3D2EDB5612}.Debug|x86.Build.0 = Debug|Win32
		{4520BFBF-BE3F-4754-9425-EB3D2EDB5612}.Release|x64.ActiveCfg = Release|x64
		{4520BFBF-BE3F-4754-9425-EB3D2EDB5612}.Release|x64.Build.0 = Release|x64
		{4520BFBF-BE3F-4754-9425-EB3D2EDB5612}.Release|x86.ActiveCfg = Release|Win32
		{4520BFBF-BE3F-4754-9425-EB3D2EDB5612}.Release|x86.Build.0 = Release|Win32
		{45ECE063-F5AC-4524-B460-CE069F38F2EB}.Debug|x64.ActiveCfg = Debug|x64
		{45ECE063-F5AC-4524-B460-CE069F38F2EB}.Debug|x64.Build.0 = Debug|x64
		{45ECE063-F5AC-4524-B460-CE069F38F2EB}.Debug|x86.ActiveCfg = Debug|Win32
		{45ECE063-F5AC-4524-B460-CE069F38F2EB}.Debug|x86.Build.0 = Debug|Win32
		{45ECE063-F5AC-4524-B460-CE069F38F2EB}.Release|x64.ActiveCfg = Release|x64
		{45ECE063-F5AC-4524-B460-CE069F38F2EB}.Release|x64.Build.0 = Release|x64
		{45ECE063-F5AC-4524-B460-CE069F38F2EB}.Release|x86.ActiveCfg = Release|Win32
		{45ECE063-F5AC-4524-B460-CE069F38F2EB}.Release|x86.Build.0 = Release|Win32
		{4F0E94E6-4799-4484-B30D-ADC1BAB58A07}.Debug|x64.ActiveCfg = Debug|x64
		{4F0E94E6-4799-4484-B30D-ADC1BAB58A07}.Debug|x64.Build.0 = Debug|x64
		{4F0E94E6-4799-4484-B30D-ADC1BAB58A07}.Debug|x86.ActiveCfg = Debug|Win32
		{4F0E94E6-4799-4484-B30D-ADC1BAB58A07}.Debug|x86.Build.0 = Debug|Win32
		{4F0E94E6-4799-4484-B30D-ADC1BAB58A07}.Release|x64.ActiveCfg = Release|x64
		{4F0E94E6-4799-4484-B30D-ADC1BAB58A07}.Release|x64.Build.0 = Release|x64
		{4F0E94E6-4799-4484-B30D-ADC1BAB58A07}.Release|x86.ActiveCfg = Release|Win32
		{4F0E94E6-4799-4484-B30D-ADC1BAB58A07}.Release|x86.Build.0 = Release|Win32
		{4755C9CA-DF36-4BF9-BBCD-10AE0FB0809D}.Debug|x64.ActiveCfg = Debug|x64
		{4755C9CA-DF36-4BF9-BBCD-10AE0FB0809D}.Debug|x64.Build.0 = Debug|x64
		{4755C9CA-DF36-4BF9-BBCD-10AE0FB0809D}.Debug|x86.ActiveCfg = Debug|Win32
		{4755C9CA-DF36-4BF9-BBCD-10AE0FB0809D}.Debug|x86.Build.0 = Debug|Win32
		{4755C9CA-DF36-4BF9-BBCD-10AE0FB0809D}.Release|x64.ActiveCfg = Release|x64
		{4755C9CA-DF36-4BF9-BBCD-10AE0FB0809D}.Release|x64.Build.0 = Release|x64
		{4755C9CA-DF36-4BF9-BBCD-10AE0FB0809D}.Release|x86.ActiveCfg = Release|Win32
		{4755C9CA-DF36-4BF9-BBCD-10AE0FB0809D}.Release|x86.Build.0 = Release|Win32
		{B17124A6-A108-4256-BEB0-B86B4BD792D2}.Debug|x64.ActiveCfg = Debug|x64
		{B17124A6-A108-4256-BEB0-B86B4BD792D2}.Debug|x64.Build.0 = Debug|x64
		{B17124A6-A108-4256-BEB0-B86B4BD792D2}.Debug|x86.ActiveCfg = Debug|Win32
		{B17124A6-A108-4256-BEB0-B86B4BD792D2}.Debug|x86.Build.0 = Debug|Win32
		{B17124A6-A108-4256-BEB0-B86B4BD792D2}.Release|x64.ActiveCfg = Release|x64
		{B17124A6-A108-4256-BEB0-B86B4BD792D2}.Release|x64.Build.0 = Release|x64
		{B17124A6-A108-4256-BEB0-B86B4BD792D2}.Release|x86.ActiveCfg = Release|Win32
		{B17124A6-A108-4256-BEB0-B86B4BD792D2}.Release|x86.Build.0 = Release|Win32
		{821A9E3E-3977-4792-89E6-C9FDA91EA013}.Debug|x64.ActiveCfg = Debug|x64
		{821A9E3E-3977-4792-89E6-C9FDA91EA013}.Debug|x64.Build.0 = Debug|x64
		{821A9E3E-3977-4792-89E6-C9FDA91EA013}.Debug|x86.ActiveCfg = Debug|Win32
		{821A9E3E-3977-4792-89E6-C9FDA91EA013}.Debug|x86.Build.0 = Debug|Win32
		{821A9E3E-3977-4792-89E6-C9FDA91EA013}.Release|x64.ActiveCfg = Release|x64
		{821A9E3E-3977-4792-89E6-C9FDA91EA013}.Release|x64.Build.0 = Release|x64
		{821A9E3E-3977-4792-89E6-C9FDA91EA013}.Release|x86.ActiveCfg = Release|Win32
		{821A9E3E-3977-4792-89E6-C9FDA91EA013}.Release|x86.Build.0 = Release|Win32
		{FC00F61D-36EE-4559-9E2B-4E34426704C3}.Debug|x64.ActiveCfg = Debug|x64
		{FC00F61D-36EE-4559-9E2B-4E34426704C3}.Debug|x64.Build.0 = Debug|x64
		{FC00F61D-36EE-4559-9E2B-4E34426704C3}.Debug|x86.ActiveCfg = Debug|Win32
		{FC00F61D-36EE-4559-9E2B-4E34426704C3}.Debug|x86.Build.0 = Debug|Win32
		{FC00F61D-36EE-4559-9E2B-4E34426704C3}.Release|x64.ActiveCfg = Release|x64
		{FC00F61D-36EE-4559-9E2B-4E34426704C3}.Release|x64.Build.0 = Release|x64
		{FC00F61D-36EE-4559-9E2B-4E34426704C3}.Release|x86.ActiveCfg = Release|Win32
		{FC00F61D-36EE-4559-9E2B-4E34426704C3}.Release|x86.Build.0 = Release|Win32
		{83CE3F3D-08CB-48BD-B22E-C181D0EB48B2}.Debug|x64.ActiveCfg = Debug|x64
		{83CE3F3D-08CB-48BD-B22E-C181D0EB48B2}.Debug|x64.Build.0 = Debug|x64
		{83CE3F3D-08CB-48BD-B22E-C181D0EB48B2}.Debug|x86.ActiveCfg = Debug|Win32
		{83CE3F3D-08CB-48BD-B22E-C181D0EB48B2}.Debug|x86.Build.0 = Debug|Win32
		{83CE3F3D-08CB-48BD-B22E-C181D0EB48B2}.Release|x64.ActiveCfg = Release|x64
		{83CE3F3D-08CB-48BD-B22E-C181D0EB48B2}.Release|x64.Build.0 = Release|x64
		{83CE3F3D-08CB-48BD-B22E-C181D0EB48B2}.Release|x86.ActiveCfg = Release|Win32
		{83CE3F3D-08CB-48BD-B22E-C181D0EB48B2}.Release|x86.Build.0 = Release|Win32
		{A807626B-9B2C-46E7-A180-B6E9C5A64D36}.Debug|x64.ActiveCfg = Debug|x64
		{A807626B-9B2C-46E7-A180-B6E9C5A64D36}.Debug|x64.Build.0 = Debug|x64
		{A807626B-9B2C-46E7-A180-B6E9C5A64D36}.Debug|x86.ActiveCfg = Debug|Win32
		{A807626B-9B2C-46E7-A180-B6E9C5A64D36}.Debug|x86.Build.0 = Debug|Win32
		{A807626B-9B2C-46E7-A180-B6E9C5A64D36}.Release|x64.ActiveCfg = Release|x64
		{A807626B-9B2C-46E7-A180-B6E9C5A64D36}.Release|x64.Build.0 = Release|x64
		{A807626B-9B2C-46E7-A180-B6E9C5A64D36}.Release|x86.ActiveCfg = Release|Win32
		{A807626B-9B2C-46E7-A180-B6E9C5A64D36}.Release|x86.Build.0 = Release|Win32
		{1945482F-96E4-4E7C-906B-7B379A837FC7}.Debug|x64.ActiveCfg = Debug|x64
		{1945482F-96E4-4E7C-906B-7B379A837FC7}.Debug|x64.Build.0 = Debug|x64
		{1945482F-96E4-4E7C-906B-7B379A837FC7}.Debug|x86.ActiveCfg = Debug|Win32
		{1945482F-96E4-4E7C-906B-7B379A837FC7}.Debug|x86.Build.0 = Debug|Win32
		{1945482F-96E4-4E7C-906B-7B379A837FC7}.Release|x64.ActiveCfg = Release|x64
		{1945482F-96E4-4E7C-906B-7B379A837FC7}.Release|x64.Build.0 = Release|x64
		{1945482F-96E4-4E7C-906B-7B379A837FC7}.Release|x86.ActiveCfg = Release|Win32
		{1945482F-96E4-4E7C-906B-7B379A837FC7}.Release|x86.Build.0 = Release|Win32
	EndGlobalSection
	GlobalSection(SolutionProperties) = preSolution
		HideSolutionNode = FALSE
	EndGlobalSection
	GlobalSection(ExtensibilityGlobals) = postSolution
		SolutionGuid = {FCB9EE9F-959A-4F01-B13F-C368978F6843}
	EndGlobalSection
EndGlobal
